
Microsoft Visual Studio Solution File, Format Version 12.00
# Visual Studio Version 17
VisualStudioVersion = 17.1.32210.238
MinimumVisualStudioVersion = 10.0.40219.1
Project("{8BC9CEB8-8B4A-11D0-8D11-00A0C91BC942}") = "OAIP_Sem2_Lab4", "OAIP_Sem2_Lab4\OAIP_Sem2_Lab4.vcxproj", "{007341A4-E48B-458F-A923-06A24202344E}"
EndProject
Global
	GlobalSection(SolutionConfigurationPlatforms) = preSolution
		Debug|x64 = Debug|x64
		Debug|x86 = Debug|x86
		Release|x64 = Release|x64
		Release|x86 = Release|x86
	EndGlobalSection
	GlobalSection(ProjectConfigurationPlatforms) = postSolution
		{007341A4-E48B-458F-A923-06A24202344E}.Debug|x64.ActiveCfg = Debug|x64
		{007341A4-E48B-458F-A923-06A24202344E}.Debug|x64.Build.0 = Debug|x64
		{007341A4-E48B-458F-A923-06A24202344E}.Debug|x86.ActiveCfg = Debug|Win32
		{007341A4-E48B-458F-A923-06A24202344E}.Debug|x86.Build.0 = Debug|Win32
		{007341A4-E48B-458F-A923-06A24202344E}.Release|x64.ActiveCfg = Release|x64
		{007341A4-E48B-458F-A923-06A24202344E}.Release|x64.Build.0 = Release|x64
		{007341A4-E48B-458F-A923-06A24202344E}.Release|x86.ActiveCfg = Release|Win32
		{007341A4-E48B-458F-A923-06A24202344E}.Release|x86.Build.0 = Release|Win32
	EndGlobalSection
	GlobalSection(SolutionProperties) = preSolution
		HideSolutionNode = FALSE
	EndGlobalSection
	GlobalSection(ExtensibilityGlobals) = postSolution
		SolutionGuid = {C2C8522C-EAB8-4ABC-ADD6-3AB7CCC40662}
	EndGlobalSection
EndGlobal
